
Microsoft Visual Studio Solution File, Format Version 12.00
# Visual Studio 15
VisualStudioVersion = 15.0.28307.421
MinimumVisualStudioVersion = 10.0.40219.1
Project("{FAE04EC0-301F-11D3-BF4B-00C04F79EFBC}") = "Myapp", "Myapp\Myapp\Myapp.csproj", "{B55BDA9D-1E79-4577-8337-7C14175C1A69}"
EndProject
Project("{FAE04EC0-301F-11D3-BF4B-00C04F79EFBC}") = "DAL", "Myapp\DAL\DAL.csproj", "{148A2E26-8A54-4BDB-8769-9F765E898054}"
EndProject
Global
	GlobalSection(SolutionConfigurationPlatforms) = preSolution
		Debug|Any CPU = Debug|Any CPU
		Release|Any CPU = Release|Any CPU
	EndGlobalSection
	GlobalSection(ProjectConfigurationPlatforms) = postSolution
		{B55BDA9D-1E79-4577-8337-7C14175C1A69}.Debug|Any CPU.ActiveCfg = Debug|Any CPU
		{B55BDA9D-1E79-4577-8337-7C14175C1A69}.Debug|Any CPU.Build.0 = Debug|Any CPU
		{B55BDA9D-1E79-4577-8337-7C14175C1A69}.Release|Any CPU.ActiveCfg = Release|Any CPU
		{B55BDA9D-1E79-4577-8337-7C14175C1A69}.Release|Any CPU.Build.0 = Release|Any CPU
		{148A2E26-8A54-4BDB-8769-9F765E898054}.Debug|Any CPU.ActiveCfg = Debug|Any CPU
		{148A2E26-8A54-4BDB-8769-9F765E898054}.Debug|Any CPU.Build.0 = Debug|Any CPU
		{148A2E26-8A54-4BDB-8769-9F765E898054}.Release|Any CPU.ActiveCfg = Release|Any CPU
		{148A2E26-8A54-4BDB-8769-9F765E898054}.Release|Any CPU.Build.0 = Release|Any CPU
	EndGlobalSection
	GlobalSection(SolutionProperties) = preSolution
		HideSolutionNode = FALSE
	EndGlobalSection
	GlobalSection(ExtensibilityGlobals) = postSolution
		SolutionGuid = {37E2B69D-E66C-48F9-ABAD-56F005099CD5}
	EndGlobalSection
EndGlobal
